
Microsoft Visual Studio Solution File, Format Version 12.00
# Visual Studio Version 16
VisualStudioVersion = 16.0.29025.244
MinimumVisualStudioVersion = 10.0.40219.1
Project("{FAE04EC0-301F-11D3-BF4B-00C04F79EFBC}") = "p", "p\p.csproj", "{FD30EC39-6430-4A88-8A55-D82C615867D0}"
EndProject
Global
	GlobalSection(SolutionConfigurationPlatforms) = preSolution
		Debug|Any CPU = Debug|Any CPU
		Release|Any CPU = Release|Any CPU
	EndGlobalSection
	GlobalSection(ProjectConfigurationPlatforms) = postSolution
		{FD30EC39-6430-4A88-8A55-D82C615867D0}.Debug|Any CPU.ActiveCfg = Debug|Any CPU
		{FD30EC39-6430-4A88-8A55-D82C615867D0}.Debug|Any CPU.Build.0 = Debug|Any CPU
		{FD30EC39-6430-4A88-8A55-D82C615867D0}.Release|Any CPU.ActiveCfg = Release|Any CPU
		{FD30EC39-6430-4A88-8A55-D82C615867D0}.Release|Any CPU.Build.0 = Release|Any CPU
	EndGlobalSection
	GlobalSection(SolutionProperties) = preSolution
		HideSolutionNode = FALSE
	EndGlobalSection
	GlobalSection(ExtensibilityGlobals) = postSolution
		SolutionGuid = {038802E3-29C1-4AD1-A84C-6D2A8DA5D541}
	EndGlobalSection
EndGlobal
